
Microsoft Visual Studio Solution File, Format Version 12.00
# Visual Studio Version 16
VisualStudioVersion = 16.0.31112.23
MinimumVisualStudioVersion = 10.0.40219.1
Project("{FAE04EC0-301F-11D3-BF4B-00C04F79EFBC}") = "Base64EncodeAndDecodeFile", "Base64EncodeAndDecodeFile.csproj", "{6C1AA683-AEF4-463A-9508-660584C3A119}"
EndProject
Global
	GlobalSection(SolutionConfigurationPlatforms) = preSolution
		Debug|Any CPU = Debug|Any CPU
		Release|Any CPU = Release|Any CPU
	EndGlobalSection
	GlobalSection(ProjectConfigurationPlatforms) = postSolution
		{6C1AA683-AEF4-463A-9508-660584C3A119}.Debug|Any CPU.ActiveCfg = Debug|Any CPU
		{6C1AA683-AEF4-463A-9508-660584C3A119}.Debug|Any CPU.Build.0 = Debug|Any CPU
		{6C1AA683-AEF4-463A-9508-660584C3A119}.Release|Any CPU.ActiveCfg = Release|Any CPU
		{6C1AA683-AEF4-463A-9508-660584C3A119}.Release|Any CPU.Build.0 = Release|Any CPU
	EndGlobalSection
	GlobalSection(SolutionProperties) = preSolution
		HideSolutionNode = FALSE
	EndGlobalSection
	GlobalSection(ExtensibilityGlobals) = postSolution
		SolutionGuid = {F609C63E-AD74-4F5F-9977-4D66B2FBF74D}
	EndGlobalSection
EndGlobal
